# THIS IS AN AUTOGENERATED FILE. DO NOT EDIT THIS FILE DIRECTLY.
# yarn lockfile v1


"@types/prop-types@*":
  version "15.7.1"
  resolved "https://registry.npm.taobao.org/@types/prop-types/download/@types/prop-types-15.7.1.tgz#f1a11e7babb0c3cad68100be381d1e064c68f1f6"
  integrity sha1-8aEee6uww8rWgQC+OB0eBkxo8fY=

"@types/react-native@^0.55.4":
  version "0.55.28"
  resolved "https://registry.npm.taobao.org/@types/react-native/download/@types/react-native-0.55.28.tgz#b57d796f6e5ee26ef6fab2328d84ae6f3e67abdf"
  integrity sha1-tX15b25e4m72+rIyjYSubz5nq98=
  dependencies:
    "@types/react" "*"

"@types/react@*", "@types/react@^16.3.1":
  version "16.8.22"
  resolved "https://registry.npm.taobao.org/@types/react/download/@types/react-16.8.22.tgz#7f18bf5ea0c1cad73c46b6b1c804a3ce0eec6d54"
  integrity sha1-fxi/XqDBytc8RraxyASjzg7sbVQ=
  dependencies:
    "@types/prop-types" "*"
    csstype "^2.2.0"

csstype@^2.2.0:
  version "2.6.5"
  resolved "https://registry.npm.taobao.org/csstype/download/csstype-2.6.5.tgz#1cd1dff742ebf4d7c991470ae71e12bb6751e034"
  integrity sha1-HNHf90Lr9NfJkUcK5x4Su2dR4DQ=

typescript@^3.5.2:
  version "3.5.2"
  resolved "https://registry.npm.taobao.org/typescript/download/typescript-3.5.2.tgz?cache=0&sync_timestamp=1561443936008&other_urls=https%3A%2F%2Fregistry.npm.taobao.org%2Ftypescript%2Fdownload%2Ftypescript-3.5.2.tgz#a09e1dc69bc9551cadf17dba10ee42cf55e5d56c"
  integrity sha1-oJ4dxpvJVRyt8X26EO5Cz1Xl1Ww=
